
Microsoft Visual Studio Solution File, Format Version 12.00
# Visual Studio Version 16
VisualStudioVersion = 16.0.30320.27
MinimumVisualStudioVersion = 10.0.40219.1
Project("{FAE04EC0-301F-11D3-BF4B-00C04F79EFBC}") = "TimeTableMaker", "TimeTableMaker\TimeTableMaker.csproj", "{03CD47BE-365A-4795-8027-0BB76BBE50DE}"
EndProject
Global
	GlobalSection(SolutionConfigurationPlatforms) = preSolution
		Debug|Any CPU = Debug|Any CPU
		Release|Any CPU = Release|Any CPU
	EndGlobalSection
	GlobalSection(ProjectConfigurationPlatforms) = postSolution
		{03CD47BE-365A-4795-8027-0BB76BBE50DE}.Debug|Any CPU.ActiveCfg = Debug|Any CPU
		{03CD47BE-365A-4795-8027-0BB76BBE50DE}.Debug|Any CPU.Build.0 = Debug|Any CPU
		{03CD47BE-365A-4795-8027-0BB76BBE50DE}.Release|Any CPU.ActiveCfg = Release|Any CPU
		{03CD47BE-365A-4795-8027-0BB76BBE50DE}.Release|Any CPU.Build.0 = Release|Any CPU
	EndGlobalSection
	GlobalSection(SolutionProperties) = preSolution
		HideSolutionNode = FALSE
	EndGlobalSection
	GlobalSection(ExtensibilityGlobals) = postSolution
		SolutionGuid = {D9A70874-40ED-4D90-A2F1-A2BA221C5D2A}
	EndGlobalSection
EndGlobal
